// !$*UTF8*$!
{
	archiveVersion = 1;
	classes = {
	};
	objectVersion = 55;
	objects = {

/* Begin PBXBuildFile section */
		741CC6BB27FC9956000847DD /* AppDelegate.swift in Sources */ = {isa = PBXBuildFile; fileRef = 741CC6BA27FC9956000847DD /* AppDelegate.swift */; };
		741CC6BD27FC9956000847DD /* SceneDelegate.swift in Sources */ = {isa = PBXBuildFile; fileRef = 741CC6BC27FC9956000847DD /* SceneDelegate.swift */; };
		741CC6BF27FC9956000847DD /* ViewController.swift in Sources */ = {isa = PBXBuildFile; fileRef = 741CC6BE27FC9956000847DD /* ViewController.swift */; };
		741CC6C427FC9957000847DD /* Assets.xcassets in Resources */ = {isa = PBXBuildFile; fileRef = 741CC6C327FC9957000847DD /* Assets.xcassets */; };
		741CC6C727FC9957000847DD /* LaunchScreen.storyboard in Resources */ = {isa = PBXBuildFile; fileRef = 741CC6C527FC9957000847DD /* LaunchScreen.storyboard */; };
		741CC6CF27FC9A3D000847DD /* Model.swift in Sources */ = {isa = PBXBuildFile; fileRef = 741CC6CE27FC9A3D000847DD /* Model.swift */; };
		741CC6D127FCA720000847DD /* Enums.swift in Sources */ = {isa = PBXBuildFile; fileRef = 741CC6D027FCA720000847DD /* Enums.swift */; };
		743113AC27FF47300070F850 /* SecondViewController.swift in Sources */ = {isa = PBXBuildFile; fileRef = 743113AB27FF47300070F850 /* SecondViewController.swift */; };
		743113AE27FF833A0070F850 /* PhotoCell.swift in Sources */ = {isa = PBXBuildFile; fileRef = 743113AD27FF833A0070F850 /* PhotoCell.swift */; };
		7453A2F92801C646002FBBAC /* PhotoController.swift in Sources */ = {isa = PBXBuildFile; fileRef = 7453A2F82801C646002FBBAC /* PhotoController.swift */; };
/* End PBXBuildFile section */

/* Begin PBXFileReference section */
		741CC6B727FC9956000847DD /* VkPhotoTest.app */ = {isa = PBXFileReference; explicitFileType = wrapper.application; includeInIndex = 0; path = VkPhotoTest.app; sourceTree = BUILT_PRODUCTS_DIR; };
		741CC6BA27FC9956000847DD /* AppDelegate.swift */ = {isa = PBXFileReference; lastKnownFileType = sourcecode.swift; path = AppDelegate.swift; sourceTree = "<group>"; };
		741CC6BC27FC9956000847DD /* SceneDelegate.swift */ = {isa = PBXFileReference; lastKnownFileType = sourcecode.swift; path = SceneDelegate.swift; sourceTree = "<group>"; };
		741CC6BE27FC9956000847DD /* ViewController.swift */ = {isa = PBXFileReference; lastKnownFileType = sourcecode.swift; path = ViewController.swift; sourceTree = "<group>"; };
		741CC6C327FC9957000847DD /* Assets.xcassets */ = {isa = PBXFileReference; lastKnownFileType = folder.assetcatalog; path = Assets.xcassets; sourceTree = "<group>"; };
		741CC6C627FC9957000847DD /* Base */ = {isa = PBXFileReference; lastKnownFileType = file.storyboard; name = Base; path = Base.lproj/LaunchScreen.storyboard; sourceTree = "<group>"; };
		741CC6C827FC9957000847DD /* Info.plist */ = {isa = PBXFileReference; lastKnownFileType = text.plist.xml; path = Info.plist; sourceTree = "<group>"; };
		741CC6CE27FC9A3D000847DD /* Model.swift */ = {isa = PBXFileReference; lastKnownFileType = sourcecode.swift; path = Model.swift; sourceTree = "<group>"; };
		741CC6D027FCA720000847DD /* Enums.swift */ = {isa = PBXFileReference; lastKnownFileType = sourcecode.swift; path = Enums.swift; sourceTree = "<group>"; };
		743113AB27FF47300070F850 /* SecondViewController.swift */ = {isa = PBXFileReference; lastKnownFileType = sourcecode.swift; path = SecondViewController.swift; sourceTree = "<group>"; };
		743113AD27FF833A0070F850 /* PhotoCell.swift */ = {isa = PBXFileReference; lastKnownFileType = sourcecode.swift; path = PhotoCell.swift; sourceTree = "<group>"; };
		743113AF27FF89E00070F850 /* VkPhotoTest.entitlements */ = {isa = PBXFileReference; lastKnownFileType = text.plist.entitlements; path = VkPhotoTest.entitlements; sourceTree = "<group>"; };
		7453A2F82801C646002FBBAC /* PhotoController.swift */ = {isa = PBXFileReference; lastKnownFileType = sourcecode.swift; path = PhotoController.swift; sourceTree = "<group>"; };
/* End PBXFileReference section */

/* Begin PBXFrameworksBuildPhase section */
		741CC6B427FC9956000847DD /* Frameworks */ = {
			isa = PBXFrameworksBuildPhase;
			buildActionMask = 2147483647;
			files = (
			);
			runOnlyForDeploymentPostprocessing = 0;
		};
/* End PBXFrameworksBuildPhase section */

/* Begin PBXGroup section */
		741CC6AE27FC9956000847DD = {
			isa = PBXGroup;
			children = (
				741CC6B927FC9956000847DD /* VkPhotoTest */,
				741CC6B827FC9956000847DD /* Products */,
			);
			sourceTree = "<group>";
		};
		741CC6B827FC9956000847DD /* Products */ = {
			isa = PBXGroup;
			children = (
				741CC6B727FC9956000847DD /* VkPhotoTest.app */,
			);
			name = Products;
			sourceTree = "<group>";
		};
		741CC6B927FC9956000847DD /* VkPhotoTest */ = {
			isa = PBXGroup;
			children = (
				743113AF27FF89E00070F850 /* VkPhotoTest.entitlements */,
				741CC6BA27FC9956000847DD /* AppDelegate.swift */,
				741CC6BC27FC9956000847DD /* SceneDelegate.swift */,
				7453A2FA2801CA36002FBBAC /* Model */,
				7453A2FB2801CA45002FBBAC /* ViewControllers */,
				741CC6C327FC9957000847DD /* Assets.xcassets */,
				741CC6C527FC9957000847DD /* LaunchScreen.storyboard */,
				741CC6C827FC9957000847DD /* Info.plist */,
			);
			path = VkPhotoTest;
			sourceTree = "<group>";
		};
		7453A2FA2801CA36002FBBAC /* Model */ = {
			isa = PBXGroup;
			children = (
				741CC6D027FCA720000847DD /* Enums.swift */,
				741CC6CE27FC9A3D000847DD /* Model.swift */,
			);
			path = Model;
			sourceTree = "<group>";
		};
		7453A2FB2801CA45002FBBAC /* ViewControllers */ = {
			isa = PBXGroup;
			children = (
				741CC6BE27FC9956000847DD /* ViewController.swift */,
				743113AB27FF47300070F850 /* SecondViewController.swift */,
				7453A2F82801C646002FBBAC /* PhotoController.swift */,
				743113AD27FF833A0070F850 /* PhotoCell.swift */,
			);
			path = ViewControllers;
			sourceTree = "<group>";
		};
/* End PBXGroup section */

/* Begin PBXNativeTarget section */
		741CC6B627FC9956000847DD /* VkPhotoTest */ = {
			isa = PBXNativeTarget;
			buildConfigurationList = 741CC6CB27FC9957000847DD /* Build configuration list for PBXNativeTarget "VkPhotoTest" */;
			buildPhases = (
				741CC6B327FC9956000847DD /* Sources */,
				741CC6B427FC9956000847DD /* Frameworks */,
				741CC6B527FC9956000847DD /* Resources */,
			);
			buildRules = (
			);
			dependencies = (
			);
			name = VkPhotoTest;
			productName = VkPhotoTest;
			productReference = 741CC6B727FC9956000847DD /* VkPhotoTest.app */;
			productType = "com.apple.product-type.application";
		};
/* End PBXNativeTarget section */

/* Begin PBXProject section */
		741CC6AF27FC9956000847DD /* Project object */ = {
			isa = PBXProject;
			attributes = {
				BuildIndependentTargetsInParallel = 1;
				LastSwiftUpdateCheck = 1330;
				LastUpgradeCheck = 1330;
				TargetAttributes = {
					741CC6B627FC9956000847DD = {
						CreatedOnToolsVersion = 13.3;
					};
				};
			};
			buildConfigurationList = 741CC6B227FC9956000847DD /* Build configuration list for PBXProject "VkPhotoTest" */;
			compatibilityVersion = "Xcode 13.0";
			developmentRegion = en;
			hasScannedForEncodings = 0;
			knownRegions = (
				en,
				Base,
			);
			mainGroup = 741CC6AE27FC9956000847DD;
			productRefGroup = 741CC6B827FC9956000847DD /* Products */;
			projectDirPath = "";
			projectRoot = "";
			targets = (
				741CC6B627FC9956000847DD /* VkPhotoTest */,
			);
		};
/* End PBXProject section */

/* Begin PBXResourcesBuildPhase section */
		741CC6B527FC9956000847DD /* Resources */ = {
			isa = PBXResourcesBuildPhase;
			buildActionMask = 2147483647;
			files = (
				741CC6C727FC9957000847DD /* LaunchScreen.storyboard in Resources */,
				741CC6C427FC9957000847DD /* Assets.xcassets in Resources */,
			);
			runOnlyForDeploymentPostprocessing = 0;
		};
/* End PBXResourcesBuildPhase section */

/* Begin PBXSourcesBuildPhase section */
		741CC6B327FC9956000847DD /* Sources */ = {
			isa = PBXSourcesBuildPhase;
			buildActionMask = 2147483647;
			files = (
				743113AE27FF833A0070F850 /* PhotoCell.swift in Sources */,
				743113AC27FF47300070F850 /* SecondViewController.swift in Sources */,
				741CC6BF27FC9956000847DD /* ViewController.swift in Sources */,
				741CC6BB27FC9956000847DD /* AppDelegate.swift in Sources */,
				741CC6D127FCA720000847DD /* Enums.swift in Sources */,
				741CC6BD27FC9956000847DD /* SceneDelegate.swift in Sources */,
				7453A2F92801C646002FBBAC /* PhotoController.swift in Sources */,
				741CC6CF27FC9A3D000847DD /* Model.swift in Sources */,
			);
			runOnlyForDeploymentPostprocessing = 0;
		};
/* End PBXSourcesBuildPhase section */

/* Begin PBXVariantGroup section */
		741CC6C527FC9957000847DD /* LaunchScreen.storyboard */ = {
			isa = PBXVariantGroup;
			children = (
				741CC6C627FC9957000847DD /* Base */,
			);
			name = LaunchScreen.storyboard;
			sourceTree = "<group>";
		};
/* End PBXVariantGroup section */

/* Begin XCBuildConfiguration section */
		741CC6C927FC9957000847DD /* Debug */ = {
			isa = XCBuildConfiguration;
			buildSettings = {
				ALWAYS_SEARCH_USER_PATHS = NO;
				CLANG_ANALYZER_NONNULL = YES;
				CLANG_ANALYZER_NUMBER_OBJECT_CONVERSION = YES_AGGRESSIVE;
				CLANG_CXX_LANGUAGE_STANDARD = "gnu++17";
				CLANG_ENABLE_MODULES = YES;
				CLANG_ENABLE_OBJC_ARC = YES;
				CLANG_ENABLE_OBJC_WEAK = YES;
				CLANG_WARN_BLOCK_CAPTURE_AUTORELEASING = YES;
				CLANG_WARN_BOOL_CONVERSION = YES;
				CLANG_WARN_COMMA = YES;
				CLANG_WARN_CONSTANT_CONVERSION = YES;
				CLANG_WARN_DEPRECATED_OBJC_IMPLEMENTATIONS = YES;
				CLANG_WARN_DIRECT_OBJC_ISA_USAGE = YES_ERROR;
				CLANG_WARN_DOCUMENTATION_COMMENTS = YES;
				CLANG_WARN_EMPTY_BODY = YES;
				CLANG_WARN_ENUM_CONVERSION = YES;
				CLANG_WARN_INFINITE_RECURSION = YES;
				CLANG_WARN_INT_CONVERSION = YES;
				CLANG_WARN_NON_LITERAL_NULL_CONVERSION = YES;
				CLANG_WARN_OBJC_IMPLICIT_RETAIN_SELF = YES;
				CLANG_WARN_OBJC_LITERAL_CONVERSION = YES;
				CLANG_WARN_OBJC_ROOT_CLASS = YES_ERROR;
				CLANG_WARN_QUOTED_INCLUDE_IN_FRAMEWORK_HEADER = YES;
				CLANG_WARN_RANGE_LOOP_ANALYSIS = YES;
				CLANG_WARN_STRICT_PROTOTYPES = YES;
				CLANG_WARN_SUSPICIOUS_MOVE = YES;
				CLANG_WARN_UNGUARDED_AVAILABILITY = YES_AGGRESSIVE;
				CLANG_WARN_UNREACHABLE_CODE = YES;
				CLANG_WARN__DUPLICATE_METHOD_MATCH = YES;
				COPY_PHASE_STRIP = NO;
				DEBUG_INFORMATION_FORMAT = dwarf;
				ENABLE_STRICT_OBJC_MSGSEND = YES;
				ENABLE_TESTABILITY = YES;
				GCC_C_LANGUAGE_STANDARD = gnu11;
				GCC_DYNAMIC_NO_PIC = NO;
				GCC_NO_COMMON_BLOCKS = YES;
				GCC_OPTIMIZATION_LEVEL = 0;
				GCC_PREPROCESSOR_DEFINITIONS = (
					"DEBUG=1",
					"$(inherited)",
				);
				GCC_WARN_64_TO_32_BIT_CONVERSION = YES;
				GCC_WARN_ABOUT_RETURN_TYPE = YES_ERROR;
				GCC_WARN_UNDECLARED_SELECTOR = YES;
				GCC_WARN_UNINITIALIZED_AUTOS = YES_AGGRESSIVE;
				GCC_WARN_UNUSED_FUNCTION = YES;
				GCC_WARN_UNUSED_VARIABLE = YES;
				IPHONEOS_DEPLOYMENT_TARGET = 15.4;
				MTL_ENABLE_DEBUG_INFO = INCLUDE_SOURCE;
				MTL_FAST_MATH = YES;
				ONLY_ACTIVE_ARCH = YES;
				SDKROOT = iphoneos;
				SWIFT_ACTIVE_COMPILATION_CONDITIONS = DEBUG;
				SWIFT_OPTIMIZATION_LEVEL = "-Onone";
			};
			name = Debug;
		};
		741CC6CA27FC9957000847DD /* Release */ = {
			isa = XCBuildConfiguration;
			buildSettings = {
				ALWAYS_SEARCH_USER_PATHS = NO;
				CLANG_ANALYZER_NONNULL = YES;
				CLANG_ANALYZER_NUMBER_OBJECT_CONVERSION = YES_AGGRESSIVE;
				CLANG_CXX_LANGUAGE_STANDARD = "gnu++17";
				CLANG_ENABLE_MODULES = YES;
				CLANG_ENABLE_OBJC_ARC = YES;
				CLANG_ENABLE_OBJC_WEAK = YES;
				CLANG_WARN_BLOCK_CAPTURE_AUTORELEASING = YES;
				CLANG_WARN_BOOL_CONVERSION = YES;
				CLANG_WARN_COMMA = YES;
				CLANG_WARN_CONSTANT_CONVERSION = YES;
				CLANG_WARN_DEPRECATED_OBJC_IMPLEMENTATIONS = YES;
				CLANG_WARN_DIRECT_OBJC_ISA_USAGE = YES_ERROR;
				CLANG_WARN_DOCUMENTATION_COMMENTS = YES;
				CLANG_WARN_EMPTY_BODY = YES;
				CLANG_WARN_ENUM_CONVERSION = YES;
				CLANG_WARN_INFINITE_RECURSION = YES;
				CLANG_WARN_INT_CONVERSION = YES;
				CLANG_WARN_NON_LITERAL_NULL_CONVERSION = YES;
				CLANG_WARN_OBJC_IMPLICIT_RETAIN_SELF = YES;
				CLANG_WARN_OBJC_LITERAL_CONVERSION = YES;
				CLANG_WARN_OBJC_ROOT_CLASS = YES_ERROR;
				CLANG_WARN_QUOTED_INCLUDE_IN_FRAMEWORK_HEADER = YES;
				CLANG_WARN_RANGE_LOOP_ANALYSIS = YES;
				CLANG_WARN_STRICT_PROTOTYPES = YES;
				CLANG_WARN_SUSPICIOUS_MOVE = YES;
				CLANG_WARN_UNGUARDED_AVAILABILITY = YES_AGGRESSIVE;
				CLANG_WARN_UNREACHABLE_CODE = YES;
				CLANG_WARN__DUPLICATE_METHOD_MATCH = YES;
				COPY_PHASE_STRIP = NO;
				DEBUG_INFORMATION_FORMAT = "dwarf-with-dsym";
				ENABLE_NS_ASSERTIONS = NO;
				ENABLE_STRICT_OBJC_MSGSEND = YES;
				GCC_C_LANGUAGE_STANDARD = gnu11;
				GCC_NO_COMMON_BLOCKS = YES;
				GCC_WARN_64_TO_32_BIT_CONVERSION = YES;
				GCC_WARN_ABOUT_RETURN_TYPE = YES_ERROR;
				GCC_WARN_UNDECLARED_SELECTOR = YES;
				GCC_WARN_UNINITIALIZED_AUTOS = YES_AGGRESSIVE;
				GCC_WARN_UNUSED_FUNCTION = YES;
				GCC_WARN_UNUSED_VARIABLE = YES;
				IPHONEOS_DEPLOYMENT_TARGET = 15.4;
				MTL_ENABLE_DEBUG_INFO = NO;
				MTL_FAST_MATH = YES;
				SDKROOT = iphoneos;
				SWIFT_COMPILATION_MODE = wholemodule;
				SWIFT_OPTIMIZATION_LEVEL = "-O";
				VALIDATE_PRODUCT = YES;
			};
			name = Release;
		};
		741CC6CC27FC9957000847DD /* Debug */ = {
			isa = XCBuildConfiguration;
			buildSettings = {
				ASSETCATALOG_COMPILER_APPICON_NAME = AppIcon;
				ASSETCATALOG_COMPILER_GLOBAL_ACCENT_COLOR_NAME = AccentColor;
				CODE_SIGN_ENTITLEMENTS = VkPhotoTest/VkPhotoTest.entitlements;
				CODE_SIGN_IDENTITY = "Apple Development";
				CODE_SIGN_STYLE = Automatic;
				CURRENT_PROJECT_VERSION = 1;
				DEVELOPMENT_TEAM = U2FVAML6Y7;
				GENERATE_INFOPLIST_FILE = YES;
				INFOPLIST_FILE = VkPhotoTest/Info.plist;
				INFOPLIST_KEY_CFBundleDisplayName = "VK Photo Test";
				INFOPLIST_KEY_NSPhotoLibraryAddUsageDescription = "";
				INFOPLIST_KEY_NSPhotoLibraryUsageDescription = "";
				INFOPLIST_KEY_UIApplicationSupportsIndirectInputEvents = YES;
				INFOPLIST_KEY_UILaunchStoryboardName = LaunchScreen;
				INFOPLIST_KEY_UISupportedInterfaceOrientations = UIInterfaceOrientationPortrait;
				INFOPLIST_KEY_UISupportedInterfaceOrientations_iPad = "UIInterfaceOrientationPortrait UIInterfaceOrientationPortraitUpsideDown UIInterfaceOrientationLandscapeLeft UIInterfaceOrientationLandscapeRight";
				INFOPLIST_KEY_UISupportedInterfaceOrientations_iPhone = "UIInterfaceOrientationPortrait UIInterfaceOrientationLandscapeLeft UIInterfaceOrientationLandscapeRight";
				IPHONEOS_DEPLOYMENT_TARGET = 13.0;
				LD_RUNPATH_SEARCH_PATHS = (
					"$(inherited)",
					"@executable_path/Frameworks",
				);
				MARKETING_VERSION = 1.2;
				PRODUCT_BUNDLE_IDENTIFIER = com.kayan.VkPhotoTest;
				PRODUCT_NAME = "$(TARGET_NAME)";
				PROVISIONING_PROFILE_SPECIFIER = "";
				SWIFT_EMIT_LOC_STRINGS = YES;
				SWIFT_VERSION = 5.0;
				TARGETED_DEVICE_FAMILY = 1;
			};
			name = Debug;
		};
		741CC6CD27FC9957000847DD /* Release */ = {
			isa = XCBuildConfiguration;
			buildSettings = {
				ASSETCATALOG_COMPILER_APPICON_NAME = AppIcon;
				ASSETCATALOG_COMPILER_GLOBAL_ACCENT_COLOR_NAME = AccentColor;
				CODE_SIGN_ENTITLEMENTS = VkPhotoTest/VkPhotoTest.entitlements;
				CODE_SIGN_IDENTITY = "Apple Development";
				CODE_SIGN_STYLE = Automatic;
				CURRENT_PROJECT_VERSION = 1;
				DEVELOPMENT_TEAM = U2FVAML6Y7;
				GENERATE_INFOPLIST_FILE = YES;
				INFOPLIST_FILE = VkPhotoTest/Info.plist;
				INFOPLIST_KEY_CFBundleDisplayName = "VK Photo Test";
				INFOPLIST_KEY_NSPhotoLibraryAddUsageDescription = "";
				INFOPLIST_KEY_NSPhotoLibraryUsageDescription = "";
				INFOPLIST_KEY_UIApplicationSupportsIndirectInputEvents = YES;
				INFOPLIST_KEY_UILaunchStoryboardName = LaunchScreen;
				INFOPLIST_KEY_UISupportedInterfaceOrientations = UIInterfaceOrientationPortrait;
				INFOPLIST_KEY_UISupportedInterfaceOrientations_iPad = "UIInterfaceOrientationPortrait UIInterfaceOrientationPortraitUpsideDown UIInterfaceOrientationLandscapeLeft UIInterfaceOrientationLandscapeRight";
				INFOPLIST_KEY_UISupportedInterfaceOrientations_iPhone = "UIInterfaceOrientationPortrait UIInterfaceOrientationLandscapeLeft UIInterfaceOrientationLandscapeRight";
				IPHONEOS_DEPLOYMENT_TARGET = 13.0;
				LD_RUNPATH_SEARCH_PATHS = (
					"$(inherited)",
					"@executable_path/Frameworks",
				);
				MARKETING_VERSION = 1.2;
				PRODUCT_BUNDLE_IDENTIFIER = com.kayan.VkPhotoTest;
				PRODUCT_NAME = "$(TARGET_NAME)";
				PROVISIONING_PROFILE_SPECIFIER = "";
				SWIFT_EMIT_LOC_STRINGS = YES;
				SWIFT_VERSION = 5.0;
				TARGETED_DEVICE_FAMILY = 1;
			};
			name = Release;
		};
/* End XCBuildConfiguration section */

/* Begin XCConfigurationList section */
		741CC6B227FC9956000847DD /* Build configuration list for PBXProject "VkPhotoTest" */ = {
			isa = XCConfigurationList;
			buildConfigurations = (
				741CC6C927FC9957000847DD /* Debug */,
				741CC6CA27FC9957000847DD /* Release */,
			);
			defaultConfigurationIsVisible = 0;
			defaultConfigurationName = Release;
		};
		741CC6CB27FC9957000847DD /* Build configuration list for PBXNativeTarget "VkPhotoTest" */ = {
			isa = XCConfigurationList;
			buildConfigurations = (
				741CC6CC27FC9957000847DD /* Debug */,
				741CC6CD27FC9957000847DD /* Release */,
			);
			defaultConfigurationIsVisible = 0;
			defaultConfigurationName = Release;
		};
/* End XCConfigurationList section */
	};
	rootObject = 741CC6AF27FC9956000847DD /* Project object */;
}
